{"1.1.0",
[{<<"foil">>,
  {git,"https://github.com/lpgauth/foil.git",
       {ref,"56440106cc70f45d53ae461e98a547b5cde63646"}},
  0},
 {<<"granderl">>,{pkg,<<"granderl">>,<<"0.1.5">>},1},
 {<<"lz4">>,
  {git,"git@github.com:tigertext/erlang-lz4.git",
       {ref,"e7ccf4fc9a806982055f26772522c3543c89d1b5"}},
  0},
 {<<"metal">>,{pkg,<<"metal">>,<<"0.1.1">>},1},
 {<<"murmur">>,
  {git,"git@github.com:tigertext/murmur.git",
       {ref,"b256d0da5ee04cea637290ec434bf30539b28546"}},
  0},
 {<<"shackle">>,
  {git,"git@github.com:tigertext/shackle.git",
       {ref,"b8afc43398a5f67f28948562ee86e37a2df52ec4"}},
  0}]}.

