{"1.1.0",
[{<<"foil">>,
  {git,"https://github.com/lpgauth/foil.git",
       {ref,"56440106cc70f45d53ae461e98a547b5cde63646"}},
  0},
 {<<"granderl">>,{pkg,<<"granderl">>,<<"0.1.5">>},1},
 {<<"lz4">>,
  {git,"https://github.com/lpgauth/erlang-lz4.git",
       {ref,"90ed9b89419c26c1be60663c2eae7c3cfa0579a0"}},
  0},
 {<<"metal">>,{pkg,<<"metal">>,<<"0.1.1">>},1},
 {<<"murmur">>,
  {git,"https://github.com/lpgauth/murmur.git",
       {ref,"709445d213514ab1121fb67329dca945ffb11599"}},
  0},
 {<<"shackle">>,
  {git,"git@github.com:tigertext/shackle.git",
       {ref,"b8afc43398a5f67f28948562ee86e37a2df52ec4"}},
  0}]}.

